{
  "name": "playwright-copoilet",
  "version": "1.0.0",
  "lockfileVersion": 3,
  "requires": true,
  "packages": {
    "": {
      "name": "playwright-copoilet",
      "version": "1.0.0",
      "license": "ISC",
      "dependencies": {
        "@modelcontextprotocol/server": "^2.0.0-alpha.2",
        "@playwright/mcp": "^0.0.72"
      },
      "devDependencies": {
        "@playwright/test": "^1.59.1",
        "@types/node": "^25.6.0"
      }
    },
    "node_modules/@modelcontextprotocol/server": {
      "version": "2.0.0-alpha.2",
      "resolved": "https://registry.npmjs.org/@modelcontextprotocol/server/-/server-2.0.0-alpha.2.tgz",
      "integrity": "sha512-gmLgdHzlYM8L7Aw/+VE0kxjT25WKamtUSLNhdOgrJq5CrESvqVSoAfWSJJeNPUXNTluQ+dYDGFbKVitdsJtbPA==",
      "license": "MIT",
      "dependencies": {
        "zod": "^4.0"
      },
      "engines": {
        "node": ">=20"
      },
      "peerDependencies": {
        "@cfworker/json-schema": "^4.1.1"
      },
      "peerDependenciesMeta": {
        "@cfworker/json-schema": {
          "optional": true
        }
      }
    },
    "node_modules/@playwright/mcp": {
      "version": "0.0.72",
      "resolved": "https://registry.npmjs.org/@playwright/mcp/-/mcp-0.0.72.tgz",
      "integrity": "sha512-ztKflred+3DS9wdbHRFpVCGzqUYpHOH3KiuKuGL7a6L7zQY9ZVm8pNT5bhr9c5kFn29jsvxs1F8Sk+7mp+kkUQ==",
      "license": "Apache-2.0",
      "dependencies": {
        "playwright": "1.60.0-alpha-1777566615000",
        "playwright-core": "1.60.0-alpha-1777566615000"
      },
      "bin": {
        "playwright-mcp": "cli.js"
      },
      "engines": {
        "node": ">=18"
      }
    },
    "node_modules/@playwright/mcp/node_modules/playwright": {
      "version": "1.60.0-alpha-1777566615000",
      "resolved": "https://registry.npmjs.org/playwright/-/playwright-1.60.0-alpha-1777566615000.tgz",
      "integrity": "sha512-ENFFNacDBbDBLUtn4FsdZowN9CxsO22/xlgvhgiyzW6FM/PoWM5GSwNl2c0LMvcFYkmmPbB6uGHFL9T2U9ufVQ==",
      "license": "Apache-2.0",
      "dependencies": {
        "playwright-core": "1.60.0-alpha-1777566615000"
      },
      "bin": {
        "playwright": "cli.js"
      },
      "engines": {
        "node": ">=18"
      },
      "optionalDependencies": {
        "fsevents": "2.3.2"
      }
    },
    "node_modules/@playwright/mcp/node_modules/playwright-core": {
      "version": "1.60.0-alpha-1777566615000",
      "resolved": "https://registry.npmjs.org/playwright-core/-/playwright-core-1.60.0-alpha-1777566615000.tgz",
      "integrity": "sha512-68GgyVu5NAgQzU8YdbYS/PZCStmiJoV3kclnAIb9Yau+wj23O1pLyMprw2MgenE0lIBU5aFvkHdv/LB8oMd1Xg==",
      "license": "Apache-2.0",
      "bin": {
        "playwright-core": "cli.js"
      },
      "engines": {
        "node": ">=18"
      }
    },
    "node_modules/@playwright/test": {
      "version": "1.59.1",
      "resolved": "https://registry.npmjs.org/@playwright/test/-/test-1.59.1.tgz",
      "integrity": "sha512-PG6q63nQg5c9rIi4/Z5lR5IVF7yU5MqmKaPOe0HSc0O2cX1fPi96sUQu5j7eo4gKCkB2AnNGoWt7y4/Xx3Kcqg==",
      "dev": true,
      "license": "Apache-2.0",
      "dependencies": {
        "playwright": "1.59.1"
      },
      "bin": {
        "playwright": "cli.js"
      },
      "engines": {
        "node": ">=18"
      }
    },
    "node_modules/@types/node": {
      "version": "25.6.0",
      "resolved": "https://registry.npmjs.org/@types/node/-/node-25.6.0.tgz",
      "integrity": "sha512-+qIYRKdNYJwY3vRCZMdJbPLJAtGjQBudzZzdzwQYkEPQd+PJGixUL5QfvCLDaULoLv+RhT3LDkwEfKaAkgSmNQ==",
      "dev": true,
      "license": "MIT",
      "dependencies": {
        "undici-types": "~7.19.0"
      }
    },
    "node_modules/fsevents": {
      "version": "2.3.2",
      "resolved": "https://registry.npmjs.org/fsevents/-/fsevents-2.3.2.tgz",
      "integrity": "sha512-xiqMQR4xAeHTuB9uWm+fFRcIOgKBMiOBP+eXiyT7jsgVCq1bkVygt00oASowB7EdtpOHaaPgKt812P9ab+DDKA==",
      "hasInstallScript": true,
      "license": "MIT",
      "optional": true,
      "os": [
        "darwin"
      ],
      "engines": {
        "node": "^8.16.0 || ^10.6.0 || >=11.0.0"
      }
    },
    "node_modules/playwright": {
      "version": "1.59.1",
      "resolved": "https://registry.npmjs.org/playwright/-/playwright-1.59.1.tgz",
      "integrity": "sha512-C8oWjPR3F81yljW9o5OxcWzfh6avkVwDD2VYdwIGqTkl+OGFISgypqzfu7dOe4QNLL2aqcWBmI3PMtLIK233lw==",
      "dev": true,
      "license": "Apache-2.0",
      "dependencies": {
        "playwright-core": "1.59.1"
      },
      "bin": {
        "playwright": "cli.js"
      },
      "engines": {
        "node": ">=18"
      },
      "optionalDependencies": {
        "fsevents": "2.3.2"
      }
    },
    "node_modules/playwright-core": {
      "version": "1.59.1",
      "resolved": "https://registry.npmjs.org/playwright-core/-/playwright-core-1.59.1.tgz",
      "integrity": "sha512-HBV/RJg81z5BiiZ9yPzIiClYV/QMsDCKUyogwH9p3MCP6IYjUFu/MActgYAvK0oWyV9NlwM3GLBjADyWgydVyg==",
      "dev": true,
      "license": "Apache-2.0",
      "bin": {
        "playwright-core": "cli.js"
      },
      "engines": {
        "node": ">=18"
      }
    },
    "node_modules/undici-types": {
      "version": "7.19.2",
      "resolved": "https://registry.npmjs.org/undici-types/-/undici-types-7.19.2.tgz",
      "integrity": "sha512-qYVnV5OEm2AW8cJMCpdV20CDyaN3g0AjDlOGf1OW4iaDEx8MwdtChUp4zu4H0VP3nDRF/8RKWH+IPp9uW0YGZg==",
      "dev": true,
      "license": "MIT"
    },
    "node_modules/zod": {
      "version": "4.4.1",
      "resolved": "https://registry.npmjs.org/zod/-/zod-4.4.1.tgz",
      "integrity": "sha512-a6ENMBBGZBsnlSebQ/eKCguSBeGKSf4O7BPnqVPmYGtpBYI7VSqoVqw+QcB7kPRjbqPwhYTpFbVj/RqNz/CT0Q==",
      "license": "MIT",
      "funding": {
        "url": "https://github.com/sponsors/colinhacks"
      }
    }
  }
}
